
Microsoft Visual Studio Solution File, Format Version 12.00
# Visual Studio 14
VisualStudioVersion = 14.0.25420.1
MinimumVisualStudioVersion = 10.0.40219.1
Project("{FAE04EC0-301F-11D3-BF4B-00C04F79EFBC}") = "CDKX.Common", "CDKX.Common\CDKX.Common.csproj", "{D6B5B374-333E-49CB-8D3A-B923C0F4C83F}"
EndProject
Project("{FAE04EC0-301F-11D3-BF4B-00C04F79EFBC}") = "CDKX.Services.Core", "CDKX.Services.Core\CDKX.Services.Core.csproj", "{1F57A37A-9F0E-4FD7-8994-B431DE2D5C04}"
EndProject
Project("{FAE04EC0-301F-11D3-BF4B-00C04F79EFBC}") = "CDKX.Services.Implement", "CDKX.Services.Implement\CDKX.Services.Implement.csproj", "{8E8A6B02-4D39-4664-B026-C37F375B69C2}"
EndProject
Project("{FAE04EC0-301F-11D3-BF4B-00C04F79EFBC}") = "CDKX.Web", "CDKX.Web\CDKX.Web.csproj", "{89E8D4D4-F964-4A9D-BBF8-297CBCDCA62B}"
EndProject
Global
	GlobalSection(SolutionConfigurationPlatforms) = preSolution
		Debug|Any CPU = Debug|Any CPU
		Release|Any CPU = Release|Any CPU
	EndGlobalSection
	GlobalSection(ProjectConfigurationPlatforms) = postSolution
		{D6B5B374-333E-49CB-8D3A-B923C0F4C83F}.Debug|Any CPU.ActiveCfg = Debug|Any CPU
		{D6B5B374-333E-49CB-8D3A-B923C0F4C83F}.Debug|Any CPU.Build.0 = Debug|Any CPU
		{D6B5B374-333E-49CB-8D3A-B923C0F4C83F}.Release|Any CPU.ActiveCfg = Release|Any CPU
		{D6B5B374-333E-49CB-8D3A-B923C0F4C83F}.Release|Any CPU.Build.0 = Release|Any CPU
		{1F57A37A-9F0E-4FD7-8994-B431DE2D5C04}.Debug|Any CPU.ActiveCfg = Debug|Any CPU
		{1F57A37A-9F0E-4FD7-8994-B431DE2D5C04}.Debug|Any CPU.Build.0 = Debug|Any CPU
		{1F57A37A-9F0E-4FD7-8994-B431DE2D5C04}.Release|Any CPU.ActiveCfg = Release|Any CPU
		{1F57A37A-9F0E-4FD7-8994-B431DE2D5C04}.Release|Any CPU.Build.0 = Release|Any CPU
		{8E8A6B02-4D39-4664-B026-C37F375B69C2}.Debug|Any CPU.ActiveCfg = Debug|Any CPU
		{8E8A6B02-4D39-4664-B026-C37F375B69C2}.Debug|Any CPU.Build.0 = Debug|Any CPU
		{8E8A6B02-4D39-4664-B026-C37F375B69C2}.Release|Any CPU.ActiveCfg = Release|Any CPU
		{8E8A6B02-4D39-4664-B026-C37F375B69C2}.Release|Any CPU.Build.0 = Release|Any CPU
		{89E8D4D4-F964-4A9D-BBF8-297CBCDCA62B}.Debug|Any CPU.ActiveCfg = Debug|Any CPU
		{89E8D4D4-F964-4A9D-BBF8-297CBCDCA62B}.Debug|Any CPU.Build.0 = Debug|Any CPU
		{89E8D4D4-F964-4A9D-BBF8-297CBCDCA62B}.Release|Any CPU.ActiveCfg = Release|Any CPU
		{89E8D4D4-F964-4A9D-BBF8-297CBCDCA62B}.Release|Any CPU.Build.0 = Release|Any CPU
	EndGlobalSection
	GlobalSection(SolutionProperties) = preSolution
		HideSolutionNode = FALSE
	EndGlobalSection
EndGlobal
